<?xml version="1.0" encoding="utf-8"?>
<Project ToolsVersion="4.0" xmlns="http://schemas.microsoft.com/developer/msbuild/2003">
  <ItemGroup>
    <ClCompile Include="main.cpp" />
    <ClCompile Include="src\VarArray.h">
      <Filter>base</Filter>
    </ClCompile>
    <ClCompile Include="src\objects.cpp">
      <Filter>obj</Filter>
    </ClCompile>
    <ClCompile Include="src\instruction.cpp">
      <Filter>vm</Filter>
    </ClCompile>
    <ClCompile Include="src\PyVM.cpp">
      <Filter>vm</Filter>
    </ClCompile>
    <ClCompile Include="src\utils.cpp">
      <Filter>base</Filter>
    </ClCompile>
    <ClCompile Include="test\PyVMTest.cpp">
      <Filter>test</Filter>
    </ClCompile>
    <ClCompile Include="src\BufferAccess.cpp">
      <Filter>vm</Filter>
    </ClCompile>
    <ClCompile Include="src\PyCompile.cpp">
      <Filter>compile</Filter>
    </ClCompile>
    <ClCompile Include="src\CodeDefinition.cpp">
      <Filter>compile</Filter>
    </ClCompile>
    <ClCompile Include="test\VarArrayTest.cpp">
      <Filter>test</Filter>
    </ClCompile>
  </ItemGroup>
  <ItemGroup>
    <ClInclude Include="src\defs.h">
      <Filter>base</Filter>
    </ClInclude>
    <ClInclude Include="src\except.h">
      <Filter>base</Filter>
    </ClInclude>
    <ClInclude Include="src\ObjPool.h">
      <Filter>base</Filter>
    </ClInclude>
    <ClInclude Include="src\objects.h">
      <Filter>obj</Filter>
    </ClInclude>
    <ClInclude Include="src\baseObject.h">
      <Filter>obj</Filter>
    </ClInclude>
    <ClInclude Include="src\cfunc.h">
      <Filter>obj</Filter>
    </ClInclude>
    <ClInclude Include="src\opcodes.h">
      <Filter>vm</Filter>
    </ClInclude>
    <ClInclude Include="src\opcodes_def.h">
      <Filter>vm</Filter>
    </ClInclude>
    <ClInclude Include="src\OpImp.h">
      <Filter>vm</Filter>
    </ClInclude>
    <ClInclude Include="src\PyVM.h">
      <Filter>vm</Filter>
    </ClInclude>
    <ClInclude Include="src\gen_string_method_names.h">
      <Filter>obj</Filter>
    </ClInclude>
    <ClInclude Include="src\log.h">
      <Filter>base</Filter>
    </ClInclude>
    <ClInclude Include="src\utils.h">
      <Filter>base</Filter>
    </ClInclude>
    <ClInclude Include="test\myTest.h">
      <Filter>test</Filter>
    </ClInclude>
    <ClInclude Include="src\BufferAccess.h">
      <Filter>vm</Filter>
    </ClInclude>
    <ClInclude Include="src\PyCompile.h">
      <Filter>compile</Filter>
    </ClInclude>
    <ClInclude Include="src\CodeDefinition.h">
      <Filter>compile</Filter>
    </ClInclude>
  </ItemGroup>
  <ItemGroup>
    <Filter Include="base">
      <UniqueIdentifier>{9086f81a-3e2b-42f2-a8bd-8e847c18c590}</UniqueIdentifier>
    </Filter>
    <Filter Include="obj">
      <UniqueIdentifier>{da64b65a-f530-418f-bf50-a009f76cfb45}</UniqueIdentifier>
    </Filter>
    <Filter Include="vm">
      <UniqueIdentifier>{d58c9ffe-1ded-4558-9240-ea4f5b6f2193}</UniqueIdentifier>
    </Filter>
    <Filter Include="test">
      <UniqueIdentifier>{b34f5966-0906-4afb-9b5a-851aa6af6106}</UniqueIdentifier>
    </Filter>
    <Filter Include="compile">
      <UniqueIdentifier>{9c7e3ee2-d77b-461f-9493-12b412aef422}</UniqueIdentifier>
    </Filter>
  </ItemGroup>
  <ItemGroup>
    <None Include="test\imped_module.py">
      <Filter>test</Filter>
    </None>
  </ItemGroup>
  <ItemGroup>
    <CustomBuild Include="test\test_module.py">
      <Filter>test</Filter>
    </CustomBuild>
    <CustomBuild Include="test\imped_module2.py">
      <Filter>test</Filter>
    </CustomBuild>
  </ItemGroup>
</Project>